
Microsoft Visual Studio Solution File, Format Version 12.00
# Visual Studio Version 17
VisualStudioVersion = 17.13.35828.75
MinimumVisualStudioVersion = 10.0.40219.1
Project("{FAE04EC0-301F-11D3-BF4B-00C04F79EFBC}") = "Covid Data Tracker", "Covid Data Tracker\Covid Data Tracker.csproj", "{FE7E4D2A-FB65-44E3-BF86-1042EF6B1DFF}"
EndProject
Global
	GlobalSection(SolutionConfigurationPlatforms) = preSolution
		Debug|Any CPU = Debug|Any CPU
		Release|Any CPU = Release|Any CPU
	EndGlobalSection
	GlobalSection(ProjectConfigurationPlatforms) = postSolution
		{FE7E4D2A-FB65-44E3-BF86-1042EF6B1DFF}.Debug|Any CPU.ActiveCfg = Debug|Any CPU
		{FE7E4D2A-FB65-44E3-BF86-1042EF6B1DFF}.Debug|Any CPU.Build.0 = Debug|Any CPU
		{FE7E4D2A-FB65-44E3-BF86-1042EF6B1DFF}.Release|Any CPU.ActiveCfg = Release|Any CPU
		{FE7E4D2A-FB65-44E3-BF86-1042EF6B1DFF}.Release|Any CPU.Build.0 = Release|Any CPU
	EndGlobalSection
	GlobalSection(SolutionProperties) = preSolution
		HideSolutionNode = FALSE
	EndGlobalSection
	GlobalSection(ExtensibilityGlobals) = postSolution
		SolutionGuid = {B08408D2-9259-485A-BED0-1FC698C32573}
	EndGlobalSection
EndGlobal
